
Microsoft Visual Studio Solution File, Format Version 12.00
# Visual Studio Version 17
VisualStudioVersion = 17.6.33723.286
MinimumVisualStudioVersion = 10.0.40219.1
Project("{FAE04EC0-301F-11D3-BF4B-00C04F79EFBC}") = "ejercicios-con-Switch", "ejercicios-con-Switch.csproj", "{BCA112C0-5B1C-4CAF-BA62-269BA337DEE2}"
EndProject
Global
	GlobalSection(SolutionConfigurationPlatforms) = preSolution
		Debug|Any CPU = Debug|Any CPU
		Release|Any CPU = Release|Any CPU
	EndGlobalSection
	GlobalSection(ProjectConfigurationPlatforms) = postSolution
		{BCA112C0-5B1C-4CAF-BA62-269BA337DEE2}.Debug|Any CPU.ActiveCfg = Debug|Any CPU
		{BCA112C0-5B1C-4CAF-BA62-269BA337DEE2}.Debug|Any CPU.Build.0 = Debug|Any CPU
		{BCA112C0-5B1C-4CAF-BA62-269BA337DEE2}.Release|Any CPU.ActiveCfg = Release|Any CPU
		{BCA112C0-5B1C-4CAF-BA62-269BA337DEE2}.Release|Any CPU.Build.0 = Release|Any CPU
	EndGlobalSection
	GlobalSection(SolutionProperties) = preSolution
		HideSolutionNode = FALSE
	EndGlobalSection
	GlobalSection(ExtensibilityGlobals) = postSolution
		SolutionGuid = {8DDCA4A3-5494-4B95-A743-18ACFF20A68E}
	EndGlobalSection
EndGlobal
